<?xml version="1.0" encoding="utf-8"?>
<Project DefaultTargets="Build" ToolsVersion="3.5" xmlns="http://schemas.microsoft.com/developer/msbuild/2003">
  <PropertyGroup>
    <Configuration Condition=" '$(Configuration)' == '' ">Debug</Configuration>
    <Platform Condition=" '$(Platform)' == '' ">AnyCPU</Platform>
    <ProductVersion>9.0.21022</ProductVersion>
    <SchemaVersion>2.0</SchemaVersion>
    <ProjectGuid>{F706A620-CFE0-4012-B329-0CF4BBEE7112}</ProjectGuid>
    <Target>Executable</Target>
    <IncrementalLinking>True</IncrementalLinking>
    <UseDefaultCompiler>True</UseDefaultCompiler>
    <PreferOneStepBuild>True</PreferOneStepBuild>
    <Compiler>DMD2</Compiler>
    <Includes>
      <Includes>
        <Path>C:\Users\jonasd\Documents\Projects\Derelict3\import</Path>
      </Includes>
    </Includes>
  </PropertyGroup>
  <PropertyGroup Condition=" '$(Configuration)|$(Platform)' == 'Debug|AnyCPU' ">
    <DebugSymbols>True</DebugSymbols>
    <OutputPath>bin\Debug</OutputPath>
    <ObjectsDirectory>obj\Debug</ObjectsDirectory>
    <OutputName>ded</OutputName>
    <Libs>
      <Libs>
        <Lib>C:\Users\jonasd\Documents\Projects\Derelict3\lib\DerelictGL3.lib</Lib>
        <Lib>C:\Users\jonasd\Documents\Projects\Derelict3\lib\DerelictUtil.lib</Lib>
        <Lib>C:\Users\jonasd\Documents\Projects\Derelict3\lib\DerelictSDL2.lib</Lib>
      </Libs>
    </Libs>
    <ExtraCompilerArguments>-property -unittest</ExtraCompilerArguments>
    <UnittestMode>False</UnittestMode>
    <DebugLevel>0</DebugLevel>
    <ConsolePause>False</ConsolePause>
    <Externalconsole>True</Externalconsole>
  </PropertyGroup>
  <PropertyGroup Condition=" '$(Configuration)|$(Platform)' == 'Release|AnyCPU' ">
    <OutputPath>bin\Release</OutputPath>
    <ObjectsDirectory>obj\Release</ObjectsDirectory>
    <OutputName>ded</OutputName>
    <Externalconsole>True</Externalconsole>
    <UnittestMode>False</UnittestMode>
    <DebugLevel>0</DebugLevel>
  </PropertyGroup>
  <PropertyGroup Condition=" '$(Configuration)|$(Platform)' == 'Unittest|AnyCPU' ">
    <DebugSymbols>True</DebugSymbols>
    <OutputPath>bin\Unittest</OutputPath>
    <ObjectsDirectory>obj\Unittest</ObjectsDirectory>
    <ExtraCompilerArguments>-unittest </ExtraCompilerArguments>
    <OutputName>ded</OutputName>
    <Externalconsole>True</Externalconsole>
    <UnittestMode>False</UnittestMode>
    <DebugLevel>0</DebugLevel>
  </PropertyGroup>
  <ItemGroup>
    <Compile Include="main.d" />
    <Compile Include="gui.d" />
    <Compile Include="graphics.d" />
    <Compile Include="math.d" />
    <Compile Include="editor.d" />
    <Compile Include="font.d" />
    <Compile Include="smallvector.d" />
    <Compile Include="smallmatrix.d" />
    <Compile Include="dbg.d" />
    <Compile Include="behavior\emacs.d" />
    <Compile Include="behavior\behavior.d" />
    <Compile Include="command.d" />
    <Compile Include="keybinding.d" />
    <Compile Include="editorcommands.d" />
    <Compile Include="render.d" />
    <Compile Include="widget.d" />
    <Compile Include="widgetfeature.d" />
    <Compile Include="color.d" />
    <Compile Include="style.d" />
    <Compile Include="region.d" />
    <Compile Include="buffer.d" />
    <Compile Include="bufferview.d" />
    <Compile Include="models.d" />
    <Compile Include="styledtext.d" />
    <Compile Include="system.d" />
    <Compile Include="build.d" />
  </ItemGroup>
  <ItemGroup>
    <Folder Include="extensions\" />
    <Folder Include="controls\" />
  </ItemGroup>
</Project>